// !$*UTF8*$!
{
	archiveVersion = 1;
	classes = {
	};
	objectVersion = 51;
	objects = {

/* Begin PBXBuildFile section */
		2B1C663C25C7E26C00F153CE /* AppDelegate.swift in Sources */ = {isa = PBXBuildFile; fileRef = 2B1C663B25C7E26C00F153CE /* AppDelegate.swift */; };
		2B1C663E25C7E26C00F153CE /* SceneDelegate.swift in Sources */ = {isa = PBXBuildFile; fileRef = 2B1C663D25C7E26C00F153CE /* SceneDelegate.swift */; };
		2B1C664325C7E26C00F153CE /* Main.storyboard in Resources */ = {isa = PBXBuildFile; fileRef = 2B1C664125C7E26C00F153CE /* Main.storyboard */; };
		2B1C664525C7E28200F153CE /* Assets.xcassets in Resources */ = {isa = PBXBuildFile; fileRef = 2B1C664425C7E28200F153CE /* Assets.xcassets */; };
		2B1C664825C7E28300F153CE /* LaunchScreen.storyboard in Resources */ = {isa = PBXBuildFile; fileRef = 2B1C664625C7E28300F153CE /* LaunchScreen.storyboard */; };
		2B44CA8925DF9B9C008323E5 /* TodoViewController.swift in Sources */ = {isa = PBXBuildFile; fileRef = 2B44CA8825DF9B9C008323E5 /* TodoViewController.swift */; };
		2B44CA8D25DFB554008323E5 /* CalendarViewController.swift in Sources */ = {isa = PBXBuildFile; fileRef = 2B44CA8C25DFB554008323E5 /* CalendarViewController.swift */; };
		8097F8A176F41B2972D1C3C1 /* Pods_todo_calendar.framework in Frameworks */ = {isa = PBXBuildFile; fileRef = F0F46DCF510FF1EC090B0B39 /* Pods_todo_calendar.framework */; };
/* End PBXBuildFile section */

/* Begin PBXFileReference section */
		13DACE1B58B3A397931839C8 /* Pods-todo_calendar.release.xcconfig */ = {isa = PBXFileReference; includeInIndex = 1; lastKnownFileType = text.xcconfig; name = "Pods-todo_calendar.release.xcconfig"; path = "Target Support Files/Pods-todo_calendar/Pods-todo_calendar.release.xcconfig"; sourceTree = "<group>"; };
		2B1C663825C7E26C00F153CE /* todo_calendar.app */ = {isa = PBXFileReference; explicitFileType = wrapper.application; includeInIndex = 0; path = todo_calendar.app; sourceTree = BUILT_PRODUCTS_DIR; };
		2B1C663B25C7E26C00F153CE /* AppDelegate.swift */ = {isa = PBXFileReference; lastKnownFileType = sourcecode.swift; path = AppDelegate.swift; sourceTree = "<group>"; };
		2B1C663D25C7E26C00F153CE /* SceneDelegate.swift */ = {isa = PBXFileReference; lastKnownFileType = sourcecode.swift; path = SceneDelegate.swift; sourceTree = "<group>"; };
		2B1C664225C7E26C00F153CE /* Base */ = {isa = PBXFileReference; lastKnownFileType = file.storyboard; name = Base; path = Base.lproj/Main.storyboard; sourceTree = "<group>"; };
		2B1C664425C7E28200F153CE /* Assets.xcassets */ = {isa = PBXFileReference; lastKnownFileType = folder.assetcatalog; path = Assets.xcassets; sourceTree = "<group>"; };
		2B1C664725C7E28300F153CE /* Base */ = {isa = PBXFileReference; lastKnownFileType = file.storyboard; name = Base; path = Base.lproj/LaunchScreen.storyboard; sourceTree = "<group>"; };
		2B1C664925C7E28300F153CE /* Info.plist */ = {isa = PBXFileReference; lastKnownFileType = text.plist.xml; path = Info.plist; sourceTree = "<group>"; };
		2B44CA8825DF9B9C008323E5 /* TodoViewController.swift */ = {isa = PBXFileReference; lastKnownFileType = sourcecode.swift; path = TodoViewController.swift; sourceTree = "<group>"; };
		2B44CA8C25DFB554008323E5 /* CalendarViewController.swift */ = {isa = PBXFileReference; lastKnownFileType = sourcecode.swift; path = CalendarViewController.swift; sourceTree = "<group>"; };
		F0F46DCF510FF1EC090B0B39 /* Pods_todo_calendar.framework */ = {isa = PBXFileReference; explicitFileType = wrapper.framework; includeInIndex = 0; path = Pods_todo_calendar.framework; sourceTree = BUILT_PRODUCTS_DIR; };
		F480D95E0D40EB0C3B07F8EE /* Pods-todo_calendar.debug.xcconfig */ = {isa = PBXFileReference; includeInIndex = 1; lastKnownFileType = text.xcconfig; name = "Pods-todo_calendar.debug.xcconfig"; path = "Target Support Files/Pods-todo_calendar/Pods-todo_calendar.debug.xcconfig"; sourceTree = "<group>"; };
/* End PBXFileReference section */

/* Begin PBXFrameworksBuildPhase section */
		2B1C663525C7E26C00F153CE /* Frameworks */ = {
			isa = PBXFrameworksBuildPhase;
			buildActionMask = 2147483647;
			files = (
				8097F8A176F41B2972D1C3C1 /* Pods_todo_calendar.framework in Frameworks */,
			);
			runOnlyForDeploymentPostprocessing = 0;
		};
/* End PBXFrameworksBuildPhase section */

/* Begin PBXGroup section */
		2B1C662F25C7E26C00F153CE = {
			isa = PBXGroup;
			children = (
				2B1C663A25C7E26C00F153CE /* todo_calendar */,
				2B1C663925C7E26C00F153CE /* Products */,
				D9C1A835A37C9426B9459FE0 /* Pods */,
				38B14D8BAD328B4EEE46C59C /* Frameworks */,
			);
			sourceTree = "<group>";
		};
		2B1C663925C7E26C00F153CE /* Products */ = {
			isa = PBXGroup;
			children = (
				2B1C663825C7E26C00F153CE /* todo_calendar.app */,
			);
			name = Products;
			sourceTree = "<group>";
		};
		2B1C663A25C7E26C00F153CE /* todo_calendar */ = {
			isa = PBXGroup;
			children = (
				2B44CA8C25DFB554008323E5 /* CalendarViewController.swift */,
				2B1C663B25C7E26C00F153CE /* AppDelegate.swift */,
				2B1C663D25C7E26C00F153CE /* SceneDelegate.swift */,
				2B1C664125C7E26C00F153CE /* Main.storyboard */,
				2B44CA8825DF9B9C008323E5 /* TodoViewController.swift */,
				2B1C664425C7E28200F153CE /* Assets.xcassets */,
				2B1C664625C7E28300F153CE /* LaunchScreen.storyboard */,
				2B1C664925C7E28300F153CE /* Info.plist */,
			);
			path = todo_calendar;
			sourceTree = "<group>";
		};
		38B14D8BAD328B4EEE46C59C /* Frameworks */ = {
			isa = PBXGroup;
			children = (
				F0F46DCF510FF1EC090B0B39 /* Pods_todo_calendar.framework */,
			);
			name = Frameworks;
			sourceTree = "<group>";
		};
		D9C1A835A37C9426B9459FE0 /* Pods */ = {
			isa = PBXGroup;
			children = (
				F480D95E0D40EB0C3B07F8EE /* Pods-todo_calendar.debug.xcconfig */,
				13DACE1B58B3A397931839C8 /* Pods-todo_calendar.release.xcconfig */,
			);
			path = Pods;
			sourceTree = "<group>";
		};
/* End PBXGroup section */

/* Begin PBXNativeTarget section */
		2B1C663725C7E26C00F153CE /* todo_calendar */ = {
			isa = PBXNativeTarget;
			buildConfigurationList = 2B1C664C25C7E28300F153CE /* Build configuration list for PBXNativeTarget "todo_calendar" */;
			buildPhases = (
				290B6CC80A2CC6E6977B933C /* [CP] Check Pods Manifest.lock */,
				2B1C663425C7E26C00F153CE /* Sources */,
				2B1C663525C7E26C00F153CE /* Frameworks */,
				2B1C663625C7E26C00F153CE /* Resources */,
				A9B1FFC6D85B68D7A119417D /* [CP] Embed Pods Frameworks */,
			);
			buildRules = (
			);
			dependencies = (
			);
			name = todo_calendar;
			productName = todo_calendar;
			productReference = 2B1C663825C7E26C00F153CE /* todo_calendar.app */;
			productType = "com.apple.product-type.application";
		};
/* End PBXNativeTarget section */

/* Begin PBXProject section */
		2B1C663025C7E26C00F153CE /* Project object */ = {
			isa = PBXProject;
			attributes = {
				LastSwiftUpdateCheck = 1220;
				LastUpgradeCheck = 1220;
				TargetAttributes = {
					2B1C663725C7E26C00F153CE = {
						CreatedOnToolsVersion = 12.2;
					};
				};
			};
			buildConfigurationList = 2B1C663325C7E26C00F153CE /* Build configuration list for PBXProject "todo_calendar" */;
			compatibilityVersion = "Xcode 9.3";
			developmentRegion = en;
			hasScannedForEncodings = 0;
			knownRegions = (
				en,
				Base,
			);
			mainGroup = 2B1C662F25C7E26C00F153CE;
			productRefGroup = 2B1C663925C7E26C00F153CE /* Products */;
			projectDirPath = "";
			projectRoot = "";
			targets = (
				2B1C663725C7E26C00F153CE /* todo_calendar */,
			);
		};
/* End PBXProject section */

/* Begin PBXResourcesBuildPhase section */
		2B1C663625C7E26C00F153CE /* Resources */ = {
			isa = PBXResourcesBuildPhase;
			buildActionMask = 2147483647;
			files = (
				2B1C664825C7E28300F153CE /* LaunchScreen.storyboard in Resources */,
				2B1C664525C7E28200F153CE /* Assets.xcassets in Resources */,
				2B1C664325C7E26C00F153CE /* Main.storyboard in Resources */,
			);
			runOnlyForDeploymentPostprocessing = 0;
		};
/* End PBXResourcesBuildPhase section */

/* Begin PBXShellScriptBuildPhase section */
		290B6CC80A2CC6E6977B933C /* [CP] Check Pods Manifest.lock */ = {
			isa = PBXShellScriptBuildPhase;
			buildActionMask = 2147483647;
			files = (
			);
			inputFileListPaths = (
			);
			inputPaths = (
				"${PODS_PODFILE_DIR_PATH}/Podfile.lock",
				"${PODS_ROOT}/Manifest.lock",
			);
			name = "[CP] Check Pods Manifest.lock";
			outputFileListPaths = (
			);
			outputPaths = (
				"$(DERIVED_FILE_DIR)/Pods-todo_calendar-checkManifestLockResult.txt",
			);
			runOnlyForDeploymentPostprocessing = 0;
			shellPath = /bin/sh;
			shellScript = "diff \"${PODS_PODFILE_DIR_PATH}/Podfile.lock\" \"${PODS_ROOT}/Manifest.lock\" > /dev/null\nif [ $? != 0 ] ; then\n    # print error to STDERR\n    echo \"error: The sandbox is not in sync with the Podfile.lock. Run 'pod install' or update your CocoaPods installation.\" >&2\n    exit 1\nfi\n# This output is used by Xcode 'outputs' to avoid re-running this script phase.\necho \"SUCCESS\" > \"${SCRIPT_OUTPUT_FILE_0}\"\n";
			showEnvVarsInLog = 0;
		};
		A9B1FFC6D85B68D7A119417D /* [CP] Embed Pods Frameworks */ = {
			isa = PBXShellScriptBuildPhase;
			buildActionMask = 2147483647;
			files = (
			);
			inputFileListPaths = (
				"${PODS_ROOT}/Target Support Files/Pods-todo_calendar/Pods-todo_calendar-frameworks-${CONFIGURATION}-input-files.xcfilelist",
			);
			name = "[CP] Embed Pods Frameworks";
			outputFileListPaths = (
				"${PODS_ROOT}/Target Support Files/Pods-todo_calendar/Pods-todo_calendar-frameworks-${CONFIGURATION}-output-files.xcfilelist",
			);
			runOnlyForDeploymentPostprocessing = 0;
			shellPath = /bin/sh;
			shellScript = "\"${PODS_ROOT}/Target Support Files/Pods-todo_calendar/Pods-todo_calendar-frameworks.sh\"\n";
			showEnvVarsInLog = 0;
		};
/* End PBXShellScriptBuildPhase section */

/* Begin PBXSourcesBuildPhase section */
		2B1C663425C7E26C00F153CE /* Sources */ = {
			isa = PBXSourcesBuildPhase;
			buildActionMask = 2147483647;
			files = (
				2B44CA8D25DFB554008323E5 /* CalendarViewController.swift in Sources */,
				2B44CA8925DF9B9C008323E5 /* TodoViewController.swift in Sources */,
				2B1C663C25C7E26C00F153CE /* AppDelegate.swift in Sources */,
				2B1C663E25C7E26C00F153CE /* SceneDelegate.swift in Sources */,
			);
			runOnlyForDeploymentPostprocessing = 0;
		};
/* End PBXSourcesBuildPhase section */

/* Begin PBXVariantGroup section */
		2B1C664125C7E26C00F153CE /* Main.storyboard */ = {
			isa = PBXVariantGroup;
			children = (
				2B1C664225C7E26C00F153CE /* Base */,
			);
			name = Main.storyboard;
			sourceTree = "<group>";
		};
		2B1C664625C7E28300F153CE /* LaunchScreen.storyboard */ = {
			isa = PBXVariantGroup;
			children = (
				2B1C664725C7E28300F153CE /* Base */,
			);
			name = LaunchScreen.storyboard;
			sourceTree = "<group>";
		};
/* End PBXVariantGroup section */

/* Begin XCBuildConfiguration section */
		2B1C664A25C7E28300F153CE /* Debug */ = {
			isa = XCBuildConfiguration;
			buildSettings = {
				ALWAYS_SEARCH_USER_PATHS = NO;
				CLANG_ANALYZER_NONNULL = YES;
				CLANG_ANALYZER_NUMBER_OBJECT_CONVERSION = YES_AGGRESSIVE;
				CLANG_CXX_LANGUAGE_STANDARD = "gnu++14";
				CLANG_CXX_LIBRARY = "libc++";
				CLANG_ENABLE_MODULES = YES;
				CLANG_ENABLE_OBJC_ARC = YES;
				CLANG_ENABLE_OBJC_WEAK = YES;
				CLANG_WARN_BLOCK_CAPTURE_AUTORELEASING = YES;
				CLANG_WARN_BOOL_CONVERSION = YES;
				CLANG_WARN_COMMA = YES;
				CLANG_WARN_CONSTANT_CONVERSION = YES;
				CLANG_WARN_DEPRECATED_OBJC_IMPLEMENTATIONS = YES;
				CLANG_WARN_DIRECT_OBJC_ISA_USAGE = YES_ERROR;
				CLANG_WARN_DOCUMENTATION_COMMENTS = YES;
				CLANG_WARN_EMPTY_BODY = YES;
				CLANG_WARN_ENUM_CONVERSION = YES;
				CLANG_WARN_INFINITE_RECURSION = YES;
				CLANG_WARN_INT_CONVERSION = YES;
				CLANG_WARN_NON_LITERAL_NULL_CONVERSION = YES;
				CLANG_WARN_OBJC_IMPLICIT_RETAIN_SELF = YES;
				CLANG_WARN_OBJC_LITERAL_CONVERSION = YES;
				CLANG_WARN_OBJC_ROOT_CLASS = YES_ERROR;
				CLANG_WARN_QUOTED_INCLUDE_IN_FRAMEWORK_HEADER = YES;
				CLANG_WARN_RANGE_LOOP_ANALYSIS = YES;
				CLANG_WARN_STRICT_PROTOTYPES = YES;
				CLANG_WARN_SUSPICIOUS_MOVE = YES;
				CLANG_WARN_UNGUARDED_AVAILABILITY = YES_AGGRESSIVE;
				CLANG_WARN_UNREACHABLE_CODE = YES;
				CLANG_WARN__DUPLICATE_METHOD_MATCH = YES;
				COPY_PHASE_STRIP = NO;
				DEBUG_INFORMATION_FORMAT = dwarf;
				ENABLE_STRICT_OBJC_MSGSEND = YES;
				ENABLE_TESTABILITY = YES;
				GCC_C_LANGUAGE_STANDARD = gnu11;
				GCC_DYNAMIC_NO_PIC = NO;
				GCC_NO_COMMON_BLOCKS = YES;
				GCC_OPTIMIZATION_LEVEL = 0;
				GCC_PREPROCESSOR_DEFINITIONS = (
					"DEBUG=1",
					"$(inherited)",
				);
				GCC_WARN_64_TO_32_BIT_CONVERSION = YES;
				GCC_WARN_ABOUT_RETURN_TYPE = YES_ERROR;
				GCC_WARN_UNDECLARED_SELECTOR = YES;
				GCC_WARN_UNINITIALIZED_AUTOS = YES_AGGRESSIVE;
				GCC_WARN_UNUSED_FUNCTION = YES;
				GCC_WARN_UNUSED_VARIABLE = YES;
				IPHONEOS_DEPLOYMENT_TARGET = 14.2;
				MTL_ENABLE_DEBUG_INFO = INCLUDE_SOURCE;
				MTL_FAST_MATH = YES;
				ONLY_ACTIVE_ARCH = YES;
				SDKROOT = iphoneos;
				SWIFT_ACTIVE_COMPILATION_CONDITIONS = DEBUG;
				SWIFT_OPTIMIZATION_LEVEL = "-Onone";
			};
			name = Debug;
		};
		2B1C664B25C7E28300F153CE /* Release */ = {
			isa = XCBuildConfiguration;
			buildSettings = {
				ALWAYS_SEARCH_USER_PATHS = NO;
				CLANG_ANALYZER_NONNULL = YES;
				CLANG_ANALYZER_NUMBER_OBJECT_CONVERSION = YES_AGGRESSIVE;
				CLANG_CXX_LANGUAGE_STANDARD = "gnu++14";
				CLANG_CXX_LIBRARY = "libc++";
				CLANG_ENABLE_MODULES = YES;
				CLANG_ENABLE_OBJC_ARC = YES;
				CLANG_ENABLE_OBJC_WEAK = YES;
				CLANG_WARN_BLOCK_CAPTURE_AUTORELEASING = YES;
				CLANG_WARN_BOOL_CONVERSION = YES;
				CLANG_WARN_COMMA = YES;
				CLANG_WARN_CONSTANT_CONVERSION = YES;
				CLANG_WARN_DEPRECATED_OBJC_IMPLEMENTATIONS = YES;
				CLANG_WARN_DIRECT_OBJC_ISA_USAGE = YES_ERROR;
				CLANG_WARN_DOCUMENTATION_COMMENTS = YES;
				CLANG_WARN_EMPTY_BODY = YES;
				CLANG_WARN_ENUM_CONVERSION = YES;
				CLANG_WARN_INFINITE_RECURSION = YES;
				CLANG_WARN_INT_CONVERSION = YES;
				CLANG_WARN_NON_LITERAL_NULL_CONVERSION = YES;
				CLANG_WARN_OBJC_IMPLICIT_RETAIN_SELF = YES;
				CLANG_WARN_OBJC_LITERAL_CONVERSION = YES;
				CLANG_WARN_OBJC_ROOT_CLASS = YES_ERROR;
				CLANG_WARN_QUOTED_INCLUDE_IN_FRAMEWORK_HEADER = YES;
				CLANG_WARN_RANGE_LOOP_ANALYSIS = YES;
				CLANG_WARN_STRICT_PROTOTYPES = YES;
				CLANG_WARN_SUSPICIOUS_MOVE = YES;
				CLANG_WARN_UNGUARDED_AVAILABILITY = YES_AGGRESSIVE;
				CLANG_WARN_UNREACHABLE_CODE = YES;
				CLANG_WARN__DUPLICATE_METHOD_MATCH = YES;
				COPY_PHASE_STRIP = NO;
				DEBUG_INFORMATION_FORMAT = "dwarf-with-dsym";
				ENABLE_NS_ASSERTIONS = NO;
				ENABLE_STRICT_OBJC_MSGSEND = YES;
				GCC_C_LANGUAGE_STANDARD = gnu11;
				GCC_NO_COMMON_BLOCKS = YES;
				GCC_WARN_64_TO_32_BIT_CONVERSION = YES;
				GCC_WARN_ABOUT_RETURN_TYPE = YES_ERROR;
				GCC_WARN_UNDECLARED_SELECTOR = YES;
				GCC_WARN_UNINITIALIZED_AUTOS = YES_AGGRESSIVE;
				GCC_WARN_UNUSED_FUNCTION = YES;
				GCC_WARN_UNUSED_VARIABLE = YES;
				IPHONEOS_DEPLOYMENT_TARGET = 14.2;
				MTL_ENABLE_DEBUG_INFO = NO;
				MTL_FAST_MATH = YES;
				SDKROOT = iphoneos;
				SWIFT_COMPILATION_MODE = wholemodule;
				SWIFT_OPTIMIZATION_LEVEL = "-O";
				VALIDATE_PRODUCT = YES;
			};
			name = Release;
		};
		2B1C664D25C7E28300F153CE /* Debug */ = {
			isa = XCBuildConfiguration;
			baseConfigurationReference = F480D95E0D40EB0C3B07F8EE /* Pods-todo_calendar.debug.xcconfig */;
			buildSettings = {
				ASSETCATALOG_COMPILER_APPICON_NAME = AppIcon;
				ASSETCATALOG_COMPILER_GLOBAL_ACCENT_COLOR_NAME = AccentColor;
				CODE_SIGN_IDENTITY = "iPhone Distribution: Hiroki Yano (P8XB7ZUYP8)";
				CODE_SIGN_STYLE = Manual;
				DEVELOPMENT_TEAM = "";
				INFOPLIST_FILE = todo_calendar/Info.plist;
				LD_RUNPATH_SEARCH_PATHS = (
					"$(inherited)",
					"@executable_path/Frameworks",
				);
				PRODUCT_BUNDLE_IDENTIFIER = "tokushimaken.todo-calendar";
				PRODUCT_NAME = "$(TARGET_NAME)";
				PROVISIONING_PROFILE_SPECIFIER = ShimekiriCalendarProfileName;
				SWIFT_VERSION = 5.0;
				TARGETED_DEVICE_FAMILY = "1,2";
			};
			name = Debug;
		};
		2B1C664E25C7E28300F153CE /* Release */ = {
			isa = XCBuildConfiguration;
			baseConfigurationReference = 13DACE1B58B3A397931839C8 /* Pods-todo_calendar.release.xcconfig */;
			buildSettings = {
				ASSETCATALOG_COMPILER_APPICON_NAME = AppIcon;
				ASSETCATALOG_COMPILER_GLOBAL_ACCENT_COLOR_NAME = AccentColor;
				CODE_SIGN_IDENTITY = "iPhone Distribution: Hiroki Yano (P8XB7ZUYP8)";
				CODE_SIGN_STYLE = Manual;
				DEVELOPMENT_TEAM = "";
				INFOPLIST_FILE = todo_calendar/Info.plist;
				LD_RUNPATH_SEARCH_PATHS = (
					"$(inherited)",
					"@executable_path/Frameworks",
				);
				PRODUCT_BUNDLE_IDENTIFIER = "tokushimaken.todo-calendar";
				PRODUCT_NAME = "$(TARGET_NAME)";
				PROVISIONING_PROFILE_SPECIFIER = ShimekiriCalendarProfileName;
				SWIFT_VERSION = 5.0;
				TARGETED_DEVICE_FAMILY = "1,2";
			};
			name = Release;
		};
/* End XCBuildConfiguration section */

/* Begin XCConfigurationList section */
		2B1C663325C7E26C00F153CE /* Build configuration list for PBXProject "todo_calendar" */ = {
			isa = XCConfigurationList;
			buildConfigurations = (
				2B1C664A25C7E28300F153CE /* Debug */,
				2B1C664B25C7E28300F153CE /* Release */,
			);
			defaultConfigurationIsVisible = 0;
			defaultConfigurationName = Release;
		};
		2B1C664C25C7E28300F153CE /* Build configuration list for PBXNativeTarget "todo_calendar" */ = {
			isa = XCConfigurationList;
			buildConfigurations = (
				2B1C664D25C7E28300F153CE /* Debug */,
				2B1C664E25C7E28300F153CE /* Release */,
			);
			defaultConfigurationIsVisible = 0;
			defaultConfigurationName = Release;
		};
/* End XCConfigurationList section */
	};
	rootObject = 2B1C663025C7E26C00F153CE /* Project object */;
}
